// !$*UTF8*$!
{
	archiveVersion = 1;
	classes = {
	};
	objectVersion = 46;
	objects = {

/* Begin PBXBuildFile section */
		CBDCDAC21CC6E076001F3174 /* AppDelegate.swift in Sources */ = {isa = PBXBuildFile; fileRef = CBDCDAC11CC6E076001F3174 /* AppDelegate.swift */; };
		CBDCDAC41CC6E076001F3174 /* ViewController.swift in Sources */ = {isa = PBXBuildFile; fileRef = CBDCDAC31CC6E076001F3174 /* ViewController.swift */; };
		CBDCDAC71CC6E076001F3174 /* Main.storyboard in Resources */ = {isa = PBXBuildFile; fileRef = CBDCDAC51CC6E076001F3174 /* Main.storyboard */; };
		CBDCDAC91CC6E076001F3174 /* Assets.xcassets in Resources */ = {isa = PBXBuildFile; fileRef = CBDCDAC81CC6E076001F3174 /* Assets.xcassets */; };
		CBDCDACC1CC6E076001F3174 /* LaunchScreen.storyboard in Resources */ = {isa = PBXBuildFile; fileRef = CBDCDACA1CC6E076001F3174 /* LaunchScreen.storyboard */; };
/* End PBXBuildFile section */

/* Begin PBXFileReference section */
		CBDCDABE1CC6E076001F3174 /* userInterface(UI).app */ = {isa = PBXFileReference; explicitFileType = wrapper.application; includeInIndex = 0; path = "userInterface(UI).app"; sourceTree = BUILT_PRODUCTS_DIR; };
		CBDCDAC11CC6E076001F3174 /* AppDelegate.swift */ = {isa = PBXFileReference; lastKnownFileType = sourcecode.swift; path = AppDelegate.swift; sourceTree = "<group>"; };
		CBDCDAC31CC6E076001F3174 /* ViewController.swift */ = {isa = PBXFileReference; lastKnownFileType = sourcecode.swift; path = ViewController.swift; sourceTree = "<group>"; };
		CBDCDAC61CC6E076001F3174 /* Base */ = {isa = PBXFileReference; lastKnownFileType = file.storyboard; name = Base; path = Base.lproj/Main.storyboard; sourceTree = "<group>"; };
		CBDCDAC81CC6E076001F3174 /* Assets.xcassets */ = {isa = PBXFileReference; lastKnownFileType = folder.assetcatalog; path = Assets.xcassets; sourceTree = "<group>"; };
		CBDCDACB1CC6E076001F3174 /* Base */ = {isa = PBXFileReference; lastKnownFileType = file.storyboard; name = Base; path = Base.lproj/LaunchScreen.storyboard; sourceTree = "<group>"; };
		CBDCDACD1CC6E076001F3174 /* Info.plist */ = {isa = PBXFileReference; lastKnownFileType = text.plist.xml; path = Info.plist; sourceTree = "<group>"; };
/* End PBXFileReference section */

/* Begin PBXFrameworksBuildPhase section */
		CBDCDABB1CC6E076001F3174 /* Frameworks */ = {
			isa = PBXFrameworksBuildPhase;
			buildActionMask = 2147483647;
			files = (
			);
			runOnlyForDeploymentPostprocessing = 0;
		};
/* End PBXFrameworksBuildPhase section */

/* Begin PBXGroup section */
		CBDCDAB51CC6E076001F3174 = {
			isa = PBXGroup;
			children = (
				CBDCDAC01CC6E076001F3174 /* userInterface(UI) */,
				CBDCDABF1CC6E076001F3174 /* Products */,
			);
			sourceTree = "<group>";
		};
		CBDCDABF1CC6E076001F3174 /* Products */ = {
			isa = PBXGroup;
			children = (
				CBDCDABE1CC6E076001F3174 /* userInterface(UI).app */,
			);
			name = Products;
			sourceTree = "<group>";
		};
		CBDCDAC01CC6E076001F3174 /* userInterface(UI) */ = {
			isa = PBXGroup;
			children = (
				CBDCDAC11CC6E076001F3174 /* AppDelegate.swift */,
				CBDCDAC31CC6E076001F3174 /* ViewController.swift */,
				CBDCDAC51CC6E076001F3174 /* Main.storyboard */,
				CBDCDAC81CC6E076001F3174 /* Assets.xcassets */,
				CBDCDACA1CC6E076001F3174 /* LaunchScreen.storyboard */,
				CBDCDACD1CC6E076001F3174 /* Info.plist */,
			);
			path = "userInterface(UI)";
			sourceTree = "<group>";
		};
/* End PBXGroup section */

/* Begin PBXNativeTarget section */
		CBDCDABD1CC6E076001F3174 /* userInterface(UI) */ = {
			isa = PBXNativeTarget;
			buildConfigurationList = CBDCDAD01CC6E076001F3174 /* Build configuration list for PBXNativeTarget "userInterface(UI)" */;
			buildPhases = (
				CBDCDABA1CC6E076001F3174 /* Sources */,
				CBDCDABB1CC6E076001F3174 /* Frameworks */,
				CBDCDABC1CC6E076001F3174 /* Resources */,
			);
			buildRules = (
			);
			dependencies = (
			);
			name = "userInterface(UI)";
			productName = "userInterface(UI)";
			productReference = CBDCDABE1CC6E076001F3174 /* userInterface(UI).app */;
			productType = "com.apple.product-type.application";
		};
/* End PBXNativeTarget section */

/* Begin PBXProject section */
		CBDCDAB61CC6E076001F3174 /* Project object */ = {
			isa = PBXProject;
			attributes = {
				LastSwiftUpdateCheck = 0730;
				LastUpgradeCheck = 0730;
				ORGANIZATIONNAME = vik;
				TargetAttributes = {
					CBDCDABD1CC6E076001F3174 = {
						CreatedOnToolsVersion = 7.3;
					};
				};
			};
			buildConfigurationList = CBDCDAB91CC6E076001F3174 /* Build configuration list for PBXProject "userInterface(UI)" */;
			compatibilityVersion = "Xcode 3.2";
			developmentRegion = English;
			hasScannedForEncodings = 0;
			knownRegions = (
				en,
				Base,
			);
			mainGroup = CBDCDAB51CC6E076001F3174;
			productRefGroup = CBDCDABF1CC6E076001F3174 /* Products */;
			projectDirPath = "";
			projectRoot = "";
			targets = (
				CBDCDABD1CC6E076001F3174 /* userInterface(UI) */,
			);
		};
/* End PBXProject section */

/* Begin PBXResourcesBuildPhase section */
		CBDCDABC1CC6E076001F3174 /* Resources */ = {
			isa = PBXResourcesBuildPhase;
			buildActionMask = 2147483647;
			files = (
				CBDCDACC1CC6E076001F3174 /* LaunchScreen.storyboard in Resources */,
				CBDCDAC91CC6E076001F3174 /* Assets.xcassets in Resources */,
				CBDCDAC71CC6E076001F3174 /* Main.storyboard in Resources */,
			);
			runOnlyForDeploymentPostprocessing = 0;
		};
/* End PBXResourcesBuildPhase section */

/* Begin PBXSourcesBuildPhase section */
		CBDCDABA1CC6E076001F3174 /* Sources */ = {
			isa = PBXSourcesBuildPhase;
			buildActionMask = 2147483647;
			files = (
				CBDCDAC41CC6E076001F3174 /* ViewController.swift in Sources */,
				CBDCDAC21CC6E076001F3174 /* AppDelegate.swift in Sources */,
			);
			runOnlyForDeploymentPostprocessing = 0;
		};
/* End PBXSourcesBuildPhase section */

/* Begin PBXVariantGroup section */
		CBDCDAC51CC6E076001F3174 /* Main.storyboard */ = {
			isa = PBXVariantGroup;
			children = (
				CBDCDAC61CC6E076001F3174 /* Base */,
			);
			name = Main.storyboard;
			sourceTree = "<group>";
		};
		CBDCDACA1CC6E076001F3174 /* LaunchScreen.storyboard */ = {
			isa = PBXVariantGroup;
			children = (
				CBDCDACB1CC6E076001F3174 /* Base */,
			);
			name = LaunchScreen.storyboard;
			sourceTree = "<group>";
		};
/* End PBXVariantGroup section */

/* Begin XCBuildConfiguration section */
		CBDCDACE1CC6E076001F3174 /* Debug */ = {
			isa = XCBuildConfiguration;
			buildSettings = {
				ALWAYS_SEARCH_USER_PATHS = NO;
				CLANG_ANALYZER_NONNULL = YES;
				CLANG_CXX_LANGUAGE_STANDARD = "gnu++0x";
				CLANG_CXX_LIBRARY = "libc++";
				CLANG_ENABLE_MODULES = YES;
				CLANG_ENABLE_OBJC_ARC = YES;
				CLANG_WARN_BOOL_CONVERSION = YES;
				CLANG_WARN_CONSTANT_CONVERSION = YES;
				CLANG_WARN_DIRECT_OBJC_ISA_USAGE = YES_ERROR;
				CLANG_WARN_EMPTY_BODY = YES;
				CLANG_WARN_ENUM_CONVERSION = YES;
				CLANG_WARN_INT_CONVERSION = YES;
				CLANG_WARN_OBJC_ROOT_CLASS = YES_ERROR;
				CLANG_WARN_UNREACHABLE_CODE = YES;
				CLANG_WARN__DUPLICATE_METHOD_MATCH = YES;
				"CODE_SIGN_IDENTITY[sdk=iphoneos*]" = "iPhone Developer";
				COPY_PHASE_STRIP = NO;
				DEBUG_INFORMATION_FORMAT = dwarf;
				ENABLE_STRICT_OBJC_MSGSEND = YES;
				ENABLE_TESTABILITY = YES;
				GCC_C_LANGUAGE_STANDARD = gnu99;
				GCC_DYNAMIC_NO_PIC = NO;
				GCC_NO_COMMON_BLOCKS = YES;
				GCC_OPTIMIZATION_LEVEL = 0;
				GCC_PREPROCESSOR_DEFINITIONS = (
					"DEBUG=1",
					"$(inherited)",
				);
				GCC_WARN_64_TO_32_BIT_CONVERSION = YES;
				GCC_WARN_ABOUT_RETURN_TYPE = YES_ERROR;
				GCC_WARN_UNDECLARED_SELECTOR = YES;
				GCC_WARN_UNINITIALIZED_AUTOS = YES_AGGRESSIVE;
				GCC_WARN_UNUSED_FUNCTION = YES;
				GCC_WARN_UNUSED_VARIABLE = YES;
				IPHONEOS_DEPLOYMENT_TARGET = 9.3;
				MTL_ENABLE_DEBUG_INFO = YES;
				ONLY_ACTIVE_ARCH = YES;
				SDKROOT = iphoneos;
				SWIFT_OPTIMIZATION_LEVEL = "-Onone";
			};
			name = Debug;
		};
		CBDCDACF1CC6E076001F3174 /* Release */ = {
			isa = XCBuildConfiguration;
			buildSettings = {
				ALWAYS_SEARCH_USER_PATHS = NO;
				CLANG_ANALYZER_NONNULL = YES;
				CLANG_CXX_LANGUAGE_STANDARD = "gnu++0x";
				CLANG_CXX_LIBRARY = "libc++";
				CLANG_ENABLE_MODULES = YES;
				CLANG_ENABLE_OBJC_ARC = YES;
				CLANG_WARN_BOOL_CONVERSION = YES;
				CLANG_WARN_CONSTANT_CONVERSION = YES;
				CLANG_WARN_DIRECT_OBJC_ISA_USAGE = YES_ERROR;
				CLANG_WARN_EMPTY_BODY = YES;
				CLANG_WARN_ENUM_CONVERSION = YES;
				CLANG_WARN_INT_CONVERSION = YES;
				CLANG_WARN_OBJC_ROOT_CLASS = YES_ERROR;
				CLANG_WARN_UNREACHABLE_CODE = YES;
				CLANG_WARN__DUPLICATE_METHOD_MATCH = YES;
				"CODE_SIGN_IDENTITY[sdk=iphoneos*]" = "iPhone Developer";
				COPY_PHASE_STRIP = NO;
				DEBUG_INFORMATION_FORMAT = "dwarf-with-dsym";
				ENABLE_NS_ASSERTIONS = NO;
				ENABLE_STRICT_OBJC_MSGSEND = YES;
				GCC_C_LANGUAGE_STANDARD = gnu99;
				GCC_NO_COMMON_BLOCKS = YES;
				GCC_WARN_64_TO_32_BIT_CONVERSION = YES;
				GCC_WARN_ABOUT_RETURN_TYPE = YES_ERROR;
				GCC_WARN_UNDECLARED_SELECTOR = YES;
				GCC_WARN_UNINITIALIZED_AUTOS = YES_AGGRESSIVE;
				GCC_WARN_UNUSED_FUNCTION = YES;
				GCC_WARN_UNUSED_VARIABLE = YES;
				IPHONEOS_DEPLOYMENT_TARGET = 9.3;
				MTL_ENABLE_DEBUG_INFO = NO;
				SDKROOT = iphoneos;
				VALIDATE_PRODUCT = YES;
			};
			name = Release;
		};
		CBDCDAD11CC6E076001F3174 /* Debug */ = {
			isa = XCBuildConfiguration;
			buildSettings = {
				ASSETCATALOG_COMPILER_APPICON_NAME = AppIcon;
				INFOPLIST_FILE = "userInterface(UI)/Info.plist";
				LD_RUNPATH_SEARCH_PATHS = "$(inherited) @executable_path/Frameworks";
				PRODUCT_BUNDLE_IDENTIFIER = "com.viktor.userInterface-UI-";
				PRODUCT_NAME = "$(TARGET_NAME)";
			};
			name = Debug;
		};
		CBDCDAD21CC6E076001F3174 /* Release */ = {
			isa = XCBuildConfiguration;
			buildSettings = {
				ASSETCATALOG_COMPILER_APPICON_NAME = AppIcon;
				INFOPLIST_FILE = "userInterface(UI)/Info.plist";
				LD_RUNPATH_SEARCH_PATHS = "$(inherited) @executable_path/Frameworks";
				PRODUCT_BUNDLE_IDENTIFIER = "com.viktor.userInterface-UI-";
				PRODUCT_NAME = "$(TARGET_NAME)";
			};
			name = Release;
		};
/* End XCBuildConfiguration section */

/* Begin XCConfigurationList section */
		CBDCDAB91CC6E076001F3174 /* Build configuration list for PBXProject "userInterface(UI)" */ = {
			isa = XCConfigurationList;
			buildConfigurations = (
				CBDCDACE1CC6E076001F3174 /* Debug */,
				CBDCDACF1CC6E076001F3174 /* Release */,
			);
			defaultConfigurationIsVisible = 0;
			defaultConfigurationName = Release;
		};
		CBDCDAD01CC6E076001F3174 /* Build configuration list for PBXNativeTarget "userInterface(UI)" */ = {
			isa = XCConfigurationList;
			buildConfigurations = (
				CBDCDAD11CC6E076001F3174 /* Debug */,
				CBDCDAD21CC6E076001F3174 /* Release */,
			);
			defaultConfigurationIsVisible = 0;
		};
/* End XCConfigurationList section */
	};
	rootObject = CBDCDAB61CC6E076001F3174 /* Project object */;
}
